
Microsoft Visual Studio Solution File, Format Version 12.00
# Visual Studio Version 16
VisualStudioVersion = 16.0.30503.244
MinimumVisualStudioVersion = 10.0.40219.1
Project("{2150E333-8FDC-42A3-9474-1A3956D46DE8}") = "Solution Items", "Solution Items", "{4CCC00BC-CF8B-4BB2-ADE4-AAF9F847CB23}"
	ProjectSection(SolutionItems) = preProject
		..\.gitignore = ..\.gitignore
		..\README.md = ..\README.md
	EndProjectSection
EndProject
Project("{9A19103F-16F7-4668-BE54-9A1E7A4F7556}") = "MathCalc.ConsoleCalc", "ConsoleCalc\MathCalc.ConsoleCalc.csproj", "{D170B377-F1B4-4514-8108-777918512B39}"
EndProject
Project("{9A19103F-16F7-4668-BE54-9A1E7A4F7556}") = "MathCalc.ApiCalc", "ApiCalc\MathCalc.ApiCalc.csproj", "{F8126DCB-0BD8-4D07-AFC0-7E88FC07BE50}"
EndProject
Project("{9A19103F-16F7-4668-BE54-9A1E7A4F7556}") = "MathCalc.Calc", "Calc\MathCalc.Calc.csproj", "{6BC4A95B-5483-48F6-9890-160B26B19D8D}"
EndProject
Project("{FAE04EC0-301F-11D3-BF4B-00C04F79EFBC}") = "MathCalc.Test", "MathCalc.Test\MathCalc.Test.csproj", "{77CC8B06-DD68-4E6C-912A-8D0AD05EF545}"
EndProject
Global
	GlobalSection(SolutionConfigurationPlatforms) = preSolution
		Debug|Any CPU = Debug|Any CPU
		Release|Any CPU = Release|Any CPU
	EndGlobalSection
	GlobalSection(ProjectConfigurationPlatforms) = postSolution
		{D170B377-F1B4-4514-8108-777918512B39}.Debug|Any CPU.ActiveCfg = Debug|Any CPU
		{D170B377-F1B4-4514-8108-777918512B39}.Debug|Any CPU.Build.0 = Debug|Any CPU
		{D170B377-F1B4-4514-8108-777918512B39}.Release|Any CPU.ActiveCfg = Release|Any CPU
		{D170B377-F1B4-4514-8108-777918512B39}.Release|Any CPU.Build.0 = Release|Any CPU
		{F8126DCB-0BD8-4D07-AFC0-7E88FC07BE50}.Debug|Any CPU.ActiveCfg = Debug|Any CPU
		{F8126DCB-0BD8-4D07-AFC0-7E88FC07BE50}.Debug|Any CPU.Build.0 = Debug|Any CPU
		{F8126DCB-0BD8-4D07-AFC0-7E88FC07BE50}.Release|Any CPU.ActiveCfg = Release|Any CPU
		{F8126DCB-0BD8-4D07-AFC0-7E88FC07BE50}.Release|Any CPU.Build.0 = Release|Any CPU
		{6BC4A95B-5483-48F6-9890-160B26B19D8D}.Debug|Any CPU.ActiveCfg = Debug|Any CPU
		{6BC4A95B-5483-48F6-9890-160B26B19D8D}.Debug|Any CPU.Build.0 = Debug|Any CPU
		{6BC4A95B-5483-48F6-9890-160B26B19D8D}.Release|Any CPU.ActiveCfg = Release|Any CPU
		{6BC4A95B-5483-48F6-9890-160B26B19D8D}.Release|Any CPU.Build.0 = Release|Any CPU
		{77CC8B06-DD68-4E6C-912A-8D0AD05EF545}.Debug|Any CPU.ActiveCfg = Debug|Any CPU
		{77CC8B06-DD68-4E6C-912A-8D0AD05EF545}.Debug|Any CPU.Build.0 = Debug|Any CPU
		{77CC8B06-DD68-4E6C-912A-8D0AD05EF545}.Release|Any CPU.ActiveCfg = Release|Any CPU
		{77CC8B06-DD68-4E6C-912A-8D0AD05EF545}.Release|Any CPU.Build.0 = Release|Any CPU
	EndGlobalSection
	GlobalSection(SolutionProperties) = preSolution
		HideSolutionNode = FALSE
	EndGlobalSection
	GlobalSection(ExtensibilityGlobals) = postSolution
		SolutionGuid = {7F0BB9BE-4718-4FEA-A364-23A29BA4E991}
	EndGlobalSection
EndGlobal
